
Microsoft Visual Studio Solution File, Format Version 12.00
# Visual Studio Version 17
VisualStudioVersion = 17.11.35327.3
MinimumVisualStudioVersion = 10.0.40219.1
Project("{FAE04EC0-301F-11D3-BF4B-00C04F79EFBC}") = "25.2", "25.2.csproj", "{0BBDE118-F6E5-4323-AAE9-F8B165AFB09F}"
EndProject
Global
	GlobalSection(SolutionConfigurationPlatforms) = preSolution
		Debug|Any CPU = Debug|Any CPU
		Release|Any CPU = Release|Any CPU
	EndGlobalSection
	GlobalSection(ProjectConfigurationPlatforms) = postSolution
		{0BBDE118-F6E5-4323-AAE9-F8B165AFB09F}.Debug|Any CPU.ActiveCfg = Debug|Any CPU
		{0BBDE118-F6E5-4323-AAE9-F8B165AFB09F}.Debug|Any CPU.Build.0 = Debug|Any CPU
		{0BBDE118-F6E5-4323-AAE9-F8B165AFB09F}.Release|Any CPU.ActiveCfg = Release|Any CPU
		{0BBDE118-F6E5-4323-AAE9-F8B165AFB09F}.Release|Any CPU.Build.0 = Release|Any CPU
	EndGlobalSection
	GlobalSection(SolutionProperties) = preSolution
		HideSolutionNode = FALSE
	EndGlobalSection
	GlobalSection(ExtensibilityGlobals) = postSolution
		SolutionGuid = {EB9B1656-2FC2-4E67-8048-F9B4A3B71880}
	EndGlobalSection
EndGlobal
